
Microsoft Visual Studio Solution File, Format Version 12.00
# Visual Studio Version 17
VisualStudioVersion = 17.9.34728.123
MinimumVisualStudioVersion = 10.0.40219.1
Project("{FAE04EC0-301F-11D3-BF4B-00C04F79EFBC}") = "BlazorWebApp_MeetingScheduler", "BlazorWebApp_MeetingScheduler\BlazorWebApp_MeetingScheduler\BlazorWebApp_MeetingScheduler.csproj", "{4077A238-711B-44B5-9730-9E404BD3CB6B}"
EndProject
Project("{FAE04EC0-301F-11D3-BF4B-00C04F79EFBC}") = "BlazorWebApp_MeetingScheduler.Client", "BlazorWebApp_MeetingScheduler\BlazorWebApp_MeetingScheduler.Client\BlazorWebApp_MeetingScheduler.Client.csproj", "{DD2EA788-61F7-4AAB-A109-064C93B51931}"
EndProject
Global
	GlobalSection(SolutionConfigurationPlatforms) = preSolution
		Debug|Any CPU = Debug|Any CPU
		Release|Any CPU = Release|Any CPU
	EndGlobalSection
	GlobalSection(ProjectConfigurationPlatforms) = postSolution
		{4077A238-711B-44B5-9730-9E404BD3CB6B}.Debug|Any CPU.ActiveCfg = Debug|Any CPU
		{4077A238-711B-44B5-9730-9E404BD3CB6B}.Debug|Any CPU.Build.0 = Debug|Any CPU
		{4077A238-711B-44B5-9730-9E404BD3CB6B}.Release|Any CPU.ActiveCfg = Release|Any CPU
		{4077A238-711B-44B5-9730-9E404BD3CB6B}.Release|Any CPU.Build.0 = Release|Any CPU
		{DD2EA788-61F7-4AAB-A109-064C93B51931}.Debug|Any CPU.ActiveCfg = Debug|Any CPU
		{DD2EA788-61F7-4AAB-A109-064C93B51931}.Debug|Any CPU.Build.0 = Debug|Any CPU
		{DD2EA788-61F7-4AAB-A109-064C93B51931}.Release|Any CPU.ActiveCfg = Release|Any CPU
		{DD2EA788-61F7-4AAB-A109-064C93B51931}.Release|Any CPU.Build.0 = Release|Any CPU
	EndGlobalSection
	GlobalSection(SolutionProperties) = preSolution
		HideSolutionNode = FALSE
	EndGlobalSection
	GlobalSection(ExtensibilityGlobals) = postSolution
		SolutionGuid = {3EC568AC-91BD-4B4D-BB27-E2A9A6667806}
	EndGlobalSection
EndGlobal
